
Microsoft Visual Studio Solution File, Format Version 12.00
# Visual Studio Version 16
VisualStudioVersion = 16.0.30907.101
MinimumVisualStudioVersion = 10.0.40219.1
Project("{9A19103F-16F7-4668-BE54-9A1E7A4F7556}") = "AplicacionJekins", "AplicacionJekins\AplicacionJekins.csproj", "{C04067B9-24DA-4DC1-8C5F-03F16F073CEB}"
EndProject
Project("{9A19103F-16F7-4668-BE54-9A1E7A4F7556}") = "UnitTest.Test", "Pruebasunitarias\UnitTest.Test.csproj", "{1DD2B44E-2A8F-4E59-92D4-CA6F4DE4F037}"
EndProject
Global
	GlobalSection(SolutionConfigurationPlatforms) = preSolution
		Debug|Any CPU = Debug|Any CPU
		Release|Any CPU = Release|Any CPU
	EndGlobalSection
	GlobalSection(ProjectConfigurationPlatforms) = postSolution
		{C04067B9-24DA-4DC1-8C5F-03F16F073CEB}.Debug|Any CPU.ActiveCfg = Debug|Any CPU
		{C04067B9-24DA-4DC1-8C5F-03F16F073CEB}.Debug|Any CPU.Build.0 = Debug|Any CPU
		{C04067B9-24DA-4DC1-8C5F-03F16F073CEB}.Release|Any CPU.ActiveCfg = Release|Any CPU
		{C04067B9-24DA-4DC1-8C5F-03F16F073CEB}.Release|Any CPU.Build.0 = Release|Any CPU
		{1DD2B44E-2A8F-4E59-92D4-CA6F4DE4F037}.Debug|Any CPU.ActiveCfg = Debug|Any CPU
		{1DD2B44E-2A8F-4E59-92D4-CA6F4DE4F037}.Debug|Any CPU.Build.0 = Debug|Any CPU
		{1DD2B44E-2A8F-4E59-92D4-CA6F4DE4F037}.Release|Any CPU.ActiveCfg = Release|Any CPU
		{1DD2B44E-2A8F-4E59-92D4-CA6F4DE4F037}.Release|Any CPU.Build.0 = Release|Any CPU
	EndGlobalSection
	GlobalSection(SolutionProperties) = preSolution
		HideSolutionNode = FALSE
	EndGlobalSection
	GlobalSection(ExtensibilityGlobals) = postSolution
		SolutionGuid = {3FF70D4C-EFBC-4471-B9FD-E454072B14DF}
	EndGlobalSection
EndGlobal
